{
  "name": "peafowl-test",
  "version": "1.0.0",
  "lockfileVersion": 1,
  "requires": true,
  "dependencies": {
    "generate-function": {
      "version": "2.0.0",
      "resolved": "https://registry.npmjs.org/generate-function/-/generate-function-2.0.0.tgz",
      "integrity": "sha1-aFj+fAlpt9TpCTM3ZHrHn2DfvnQ="
    },
    "param": {
      "version": "1.1.0",
      "resolved": "https://registry.npmjs.org/param/-/param-1.1.0.tgz",
      "integrity": "sha512-ghXjrEckVCsBEgWnBL7v4uSzyXPd4ZiD81Z7vcJ2YX6PUOR0FziP5tq7PiaOyxWRQ841vnh+rhGM949GMm8PtQ==",
      "requires": {
        "resolve": "~0.5.0"
      }
    },
    "pcap-parser": {
      "version": "0.2.1",
      "resolved": "https://registry.npmjs.org/pcap-parser/-/pcap-parser-0.2.1.tgz",
      "integrity": "sha1-Cnl66BDCj/CM6RCLxQnTI7/mqm8="
    },
    "resolve": {
      "version": "0.5.1",
      "resolved": "https://registry.npmjs.org/resolve/-/resolve-0.5.1.tgz",
      "integrity": "sha1-FeSiIsQja81M+FRUQSwtD7ZSRXY="
    },
    "shared-structs": {
      "version": "1.3.3",
      "resolved": "https://registry.npmjs.org/shared-structs/-/shared-structs-1.3.3.tgz",
      "integrity": "sha512-V+Yq1VrlwxDNq7NyzHAigbN3KOiPAzSBloXoP2IjdGb1Spc/igfc4/eQCqp8DqhqhmxygX8bFgMp7CjhBl96gQ==",
      "requires": {
        "generate-function": "^2.0.0"
      }
    }
  }
}
